
Microsoft Visual Studio Solution File, Format Version 12.00
# Visual Studio Version 16
VisualStudioVersion = 16.0.30611.23
MinimumVisualStudioVersion = 10.0.40219.1
Project("{FAE04EC0-301F-11D3-BF4B-00C04F79EFBC}") = "CODEFIRST_MIGRATIONS", "CODEFIRST_MIGRATIONS\CODEFIRST_MIGRATIONS.csproj", "{65180C79-EDE5-4FC3-91C1-04310CA0363C}"
EndProject
Global
	GlobalSection(SolutionConfigurationPlatforms) = preSolution
		Debug|Any CPU = Debug|Any CPU
		Release|Any CPU = Release|Any CPU
	EndGlobalSection
	GlobalSection(ProjectConfigurationPlatforms) = postSolution
		{65180C79-EDE5-4FC3-91C1-04310CA0363C}.Debug|Any CPU.ActiveCfg = Debug|Any CPU
		{65180C79-EDE5-4FC3-91C1-04310CA0363C}.Debug|Any CPU.Build.0 = Debug|Any CPU
		{65180C79-EDE5-4FC3-91C1-04310CA0363C}.Release|Any CPU.ActiveCfg = Release|Any CPU
		{65180C79-EDE5-4FC3-91C1-04310CA0363C}.Release|Any CPU.Build.0 = Release|Any CPU
	EndGlobalSection
	GlobalSection(SolutionProperties) = preSolution
		HideSolutionNode = FALSE
	EndGlobalSection
	GlobalSection(ExtensibilityGlobals) = postSolution
		SolutionGuid = {974228DD-6E05-4CFB-AC0F-A2470A05EF8F}
	EndGlobalSection
EndGlobal
